// !$*UTF8*$!
{
	archiveVersion = 1;
	classes = {
	};
	objectVersion = 56;
	objects = {

/* Begin PBXBuildFile section */
		17041CE32BE9192B00AFA255 /* AppDelegate.swift in Sources */ = {isa = PBXBuildFile; fileRef = 17041CE22BE9192B00AFA255 /* AppDelegate.swift */; };
		17041CE52BE9192B00AFA255 /* SceneDelegate.swift in Sources */ = {isa = PBXBuildFile; fileRef = 17041CE42BE9192B00AFA255 /* SceneDelegate.swift */; };
		17041CE72BE9192B00AFA255 /* OnboardingViewController.swift in Sources */ = {isa = PBXBuildFile; fileRef = 17041CE62BE9192B00AFA255 /* OnboardingViewController.swift */; };
		17041CEC2BE9192C00AFA255 /* Assets.xcassets in Resources */ = {isa = PBXBuildFile; fileRef = 17041CEB2BE9192C00AFA255 /* Assets.xcassets */; };
		17041CEF2BE9192C00AFA255 /* Base in Resources */ = {isa = PBXBuildFile; fileRef = 17041CEE2BE9192C00AFA255 /* Base */; };
		17041D222BEA20CF00AFA255 /* Roboto-Black.ttf in Resources */ = {isa = PBXBuildFile; fileRef = 17041D152BEA20CF00AFA255 /* Roboto-Black.ttf */; };
		17041D232BEA20CF00AFA255 /* Roboto-BlackItalic.ttf in Resources */ = {isa = PBXBuildFile; fileRef = 17041D162BEA20CF00AFA255 /* Roboto-BlackItalic.ttf */; };
		17041D242BEA20CF00AFA255 /* Roboto-Bold.ttf in Resources */ = {isa = PBXBuildFile; fileRef = 17041D172BEA20CF00AFA255 /* Roboto-Bold.ttf */; };
		17041D252BEA20CF00AFA255 /* Roboto-BoldItalic.ttf in Resources */ = {isa = PBXBuildFile; fileRef = 17041D182BEA20CF00AFA255 /* Roboto-BoldItalic.ttf */; };
		17041D262BEA20CF00AFA255 /* Roboto-Italic.ttf in Resources */ = {isa = PBXBuildFile; fileRef = 17041D192BEA20CF00AFA255 /* Roboto-Italic.ttf */; };
		17041D272BEA20CF00AFA255 /* Roboto-Light.ttf in Resources */ = {isa = PBXBuildFile; fileRef = 17041D1A2BEA20CF00AFA255 /* Roboto-Light.ttf */; };
		17041D282BEA20CF00AFA255 /* Roboto-LightItalic.ttf in Resources */ = {isa = PBXBuildFile; fileRef = 17041D1B2BEA20CF00AFA255 /* Roboto-LightItalic.ttf */; };
		17041D292BEA20CF00AFA255 /* Roboto-Medium.ttf in Resources */ = {isa = PBXBuildFile; fileRef = 17041D1C2BEA20CF00AFA255 /* Roboto-Medium.ttf */; };
		17041D2A2BEA20CF00AFA255 /* Roboto-MediumItalic.ttf in Resources */ = {isa = PBXBuildFile; fileRef = 17041D1D2BEA20CF00AFA255 /* Roboto-MediumItalic.ttf */; };
		17041D2B2BEA20CF00AFA255 /* Roboto-Regular.ttf in Resources */ = {isa = PBXBuildFile; fileRef = 17041D1E2BEA20CF00AFA255 /* Roboto-Regular.ttf */; };
		17041D2C2BEA20CF00AFA255 /* Roboto-Thin.ttf in Resources */ = {isa = PBXBuildFile; fileRef = 17041D1F2BEA20CF00AFA255 /* Roboto-Thin.ttf */; };
		17041D2D2BEA20CF00AFA255 /* Roboto-ThinItalic.ttf in Resources */ = {isa = PBXBuildFile; fileRef = 17041D202BEA20CF00AFA255 /* Roboto-ThinItalic.ttf */; };
		17041D312BEA357D00AFA255 /* UIFont + Extension.swift in Sources */ = {isa = PBXBuildFile; fileRef = 17041D302BEA357D00AFA255 /* UIFont + Extension.swift */; };
		17041D352BEA3F7600AFA255 /* UIColor + Extension.swift in Sources */ = {isa = PBXBuildFile; fileRef = 17041D342BEA3F7600AFA255 /* UIColor + Extension.swift */; };
		17041D372BEA417B00AFA255 /* AppColors.swift in Sources */ = {isa = PBXBuildFile; fileRef = 17041D362BEA417B00AFA255 /* AppColors.swift */; };
		17041D3C2BEA463F00AFA255 /* Coordinator.swift in Sources */ = {isa = PBXBuildFile; fileRef = 17041D3B2BEA463F00AFA255 /* Coordinator.swift */; };
		17041D3E2BEA4D7C00AFA255 /* AppCoordinator.swift in Sources */ = {isa = PBXBuildFile; fileRef = 17041D3D2BEA4D7C00AFA255 /* AppCoordinator.swift */; };
		17041D402BEA500300AFA255 /* OnboardingCoordinator.swift in Sources */ = {isa = PBXBuildFile; fileRef = 17041D3F2BEA500300AFA255 /* OnboardingCoordinator.swift */; };
		17041D422BEA588200AFA255 /* HomeCoordinator.swift in Sources */ = {isa = PBXBuildFile; fileRef = 17041D412BEA588200AFA255 /* HomeCoordinator.swift */; };
		17041D442BEA589F00AFA255 /* OrderCoordinator.swift in Sources */ = {isa = PBXBuildFile; fileRef = 17041D432BEA589F00AFA255 /* OrderCoordinator.swift */; };
		17041D462BEA58A800AFA255 /* ListCoordinator.swift in Sources */ = {isa = PBXBuildFile; fileRef = 17041D452BEA58A800AFA255 /* ListCoordinator.swift */; };
		17041D482BEA58B100AFA255 /* ProfileCoordinator.swift in Sources */ = {isa = PBXBuildFile; fileRef = 17041D472BEA58B100AFA255 /* ProfileCoordinator.swift */; };
		17041D4A2BEA595800AFA255 /* HomeViewController.swift in Sources */ = {isa = PBXBuildFile; fileRef = 17041D492BEA595800AFA255 /* HomeViewController.swift */; };
		17041D4C2BEA596500AFA255 /* OrderViewController.swift in Sources */ = {isa = PBXBuildFile; fileRef = 17041D4B2BEA596500AFA255 /* OrderViewController.swift */; };
		17041D4E2BEA596D00AFA255 /* ListViewController.swift in Sources */ = {isa = PBXBuildFile; fileRef = 17041D4D2BEA596D00AFA255 /* ListViewController.swift */; };
		17041D502BEA597500AFA255 /* ProfileViewController.swift in Sources */ = {isa = PBXBuildFile; fileRef = 17041D4F2BEA597500AFA255 /* ProfileViewController.swift */; };
		17041D522BEA5A0300AFA255 /* TabBarController.swift in Sources */ = {isa = PBXBuildFile; fileRef = 17041D512BEA5A0300AFA255 /* TabBarController.swift */; };
		17041D562BEA6A4C00AFA255 /* OnboardingViewPresenter.swift in Sources */ = {isa = PBXBuildFile; fileRef = 17041D552BEA6A4C00AFA255 /* OnboardingViewPresenter.swift */; };
		17041D582BEA760300AFA255 /* OnboardingPartViewController.swift in Sources */ = {isa = PBXBuildFile; fileRef = 17041D572BEA760300AFA255 /* OnboardingPartViewController.swift */; };
		17041D5A2BEA7C0700AFA255 /* OnboardingModel.swift in Sources */ = {isa = PBXBuildFile; fileRef = 17041D592BEA7C0700AFA255 /* OnboardingModel.swift */; };
		17041D5D2BEAAA5400AFA255 /* UserStorage.swift in Sources */ = {isa = PBXBuildFile; fileRef = 17041D5C2BEAAA5400AFA255 /* UserStorage.swift */; };
		17041D602BEAADEB00AFA255 /* SceneFactory.swift in Sources */ = {isa = PBXBuildFile; fileRef = 17041D5F2BEAADEB00AFA255 /* SceneFactory.swift */; };
		17041D632BEB2D5900AFA255 /* LoginViewController.swift in Sources */ = {isa = PBXBuildFile; fileRef = 17041D622BEB2D5900AFA255 /* LoginViewController.swift */; };
		17041D682BEB2E0500AFA255 /* BottomView.swift in Sources */ = {isa = PBXBuildFile; fileRef = 17041D672BEB2E0500AFA255 /* BottomView.swift */; };
/* End PBXBuildFile section */

/* Begin PBXFileReference section */
		17041CE22BE9192B00AFA255 /* AppDelegate.swift */ = {isa = PBXFileReference; lastKnownFileType = sourcecode.swift; path = AppDelegate.swift; sourceTree = "<group>"; };
		17041CE42BE9192B00AFA255 /* SceneDelegate.swift */ = {isa = PBXFileReference; lastKnownFileType = sourcecode.swift; path = SceneDelegate.swift; sourceTree = "<group>"; };
		17041CE62BE9192B00AFA255 /* OnboardingViewController.swift */ = {isa = PBXFileReference; lastKnownFileType = sourcecode.swift; path = OnboardingViewController.swift; sourceTree = "<group>"; };
		17041CEB2BE9192C00AFA255 /* Assets.xcassets */ = {isa = PBXFileReference; lastKnownFileType = folder.assetcatalog; path = Assets.xcassets; sourceTree = "<group>"; };
		17041CEE2BE9192C00AFA255 /* Base */ = {isa = PBXFileReference; lastKnownFileType = file.storyboard; name = Base; path = Base.lproj/LaunchScreen.storyboard; sourceTree = "<group>"; };
		17041CF02BE9192C00AFA255 /* Info.plist */ = {isa = PBXFileReference; lastKnownFileType = text.plist.xml; path = Info.plist; sourceTree = "<group>"; };
		17041D152BEA20CF00AFA255 /* Roboto-Black.ttf */ = {isa = PBXFileReference; lastKnownFileType = file; path = "Roboto-Black.ttf"; sourceTree = "<group>"; };
		17041D162BEA20CF00AFA255 /* Roboto-BlackItalic.ttf */ = {isa = PBXFileReference; lastKnownFileType = file; path = "Roboto-BlackItalic.ttf"; sourceTree = "<group>"; };
		17041D172BEA20CF00AFA255 /* Roboto-Bold.ttf */ = {isa = PBXFileReference; lastKnownFileType = file; path = "Roboto-Bold.ttf"; sourceTree = "<group>"; };
		17041D182BEA20CF00AFA255 /* Roboto-BoldItalic.ttf */ = {isa = PBXFileReference; lastKnownFileType = file; path = "Roboto-BoldItalic.ttf"; sourceTree = "<group>"; };
		17041D192BEA20CF00AFA255 /* Roboto-Italic.ttf */ = {isa = PBXFileReference; lastKnownFileType = file; path = "Roboto-Italic.ttf"; sourceTree = "<group>"; };
		17041D1A2BEA20CF00AFA255 /* Roboto-Light.ttf */ = {isa = PBXFileReference; lastKnownFileType = file; path = "Roboto-Light.ttf"; sourceTree = "<group>"; };
		17041D1B2BEA20CF00AFA255 /* Roboto-LightItalic.ttf */ = {isa = PBXFileReference; lastKnownFileType = file; path = "Roboto-LightItalic.ttf"; sourceTree = "<group>"; };
		17041D1C2BEA20CF00AFA255 /* Roboto-Medium.ttf */ = {isa = PBXFileReference; lastKnownFileType = file; path = "Roboto-Medium.ttf"; sourceTree = "<group>"; };
		17041D1D2BEA20CF00AFA255 /* Roboto-MediumItalic.ttf */ = {isa = PBXFileReference; lastKnownFileType = file; path = "Roboto-MediumItalic.ttf"; sourceTree = "<group>"; };
		17041D1E2BEA20CF00AFA255 /* Roboto-Regular.ttf */ = {isa = PBXFileReference; lastKnownFileType = file; path = "Roboto-Regular.ttf"; sourceTree = "<group>"; };
		17041D1F2BEA20CF00AFA255 /* Roboto-Thin.ttf */ = {isa = PBXFileReference; lastKnownFileType = file; path = "Roboto-Thin.ttf"; sourceTree = "<group>"; };
		17041D202BEA20CF00AFA255 /* Roboto-ThinItalic.ttf */ = {isa = PBXFileReference; lastKnownFileType = file; path = "Roboto-ThinItalic.ttf"; sourceTree = "<group>"; };
		17041D302BEA357D00AFA255 /* UIFont + Extension.swift */ = {isa = PBXFileReference; lastKnownFileType = sourcecode.swift; path = "UIFont + Extension.swift"; sourceTree = "<group>"; };
		17041D322BEA375300AFA255 /* DeliveryFoodApp.app */ = {isa = PBXFileReference; explicitFileType = wrapper.application; includeInIndex = 0; path = DeliveryFoodApp.app; sourceTree = BUILT_PRODUCTS_DIR; };
		17041D342BEA3F7600AFA255 /* UIColor + Extension.swift */ = {isa = PBXFileReference; lastKnownFileType = sourcecode.swift; path = "UIColor + Extension.swift"; sourceTree = "<group>"; };
		17041D362BEA417B00AFA255 /* AppColors.swift */ = {isa = PBXFileReference; lastKnownFileType = sourcecode.swift; path = AppColors.swift; sourceTree = "<group>"; };
		17041D3B2BEA463F00AFA255 /* Coordinator.swift */ = {isa = PBXFileReference; lastKnownFileType = sourcecode.swift; path = Coordinator.swift; sourceTree = "<group>"; };
		17041D3D2BEA4D7C00AFA255 /* AppCoordinator.swift */ = {isa = PBXFileReference; lastKnownFileType = sourcecode.swift; path = AppCoordinator.swift; sourceTree = "<group>"; };
		17041D3F2BEA500300AFA255 /* OnboardingCoordinator.swift */ = {isa = PBXFileReference; lastKnownFileType = sourcecode.swift; path = OnboardingCoordinator.swift; sourceTree = "<group>"; };
		17041D412BEA588200AFA255 /* HomeCoordinator.swift */ = {isa = PBXFileReference; lastKnownFileType = sourcecode.swift; path = HomeCoordinator.swift; sourceTree = "<group>"; };
		17041D432BEA589F00AFA255 /* OrderCoordinator.swift */ = {isa = PBXFileReference; lastKnownFileType = sourcecode.swift; path = OrderCoordinator.swift; sourceTree = "<group>"; };
		17041D452BEA58A800AFA255 /* ListCoordinator.swift */ = {isa = PBXFileReference; lastKnownFileType = sourcecode.swift; path = ListCoordinator.swift; sourceTree = "<group>"; };
		17041D472BEA58B100AFA255 /* ProfileCoordinator.swift */ = {isa = PBXFileReference; lastKnownFileType = sourcecode.swift; path = ProfileCoordinator.swift; sourceTree = "<group>"; };
		17041D492BEA595800AFA255 /* HomeViewController.swift */ = {isa = PBXFileReference; lastKnownFileType = sourcecode.swift; path = HomeViewController.swift; sourceTree = "<group>"; };
		17041D4B2BEA596500AFA255 /* OrderViewController.swift */ = {isa = PBXFileReference; lastKnownFileType = sourcecode.swift; path = OrderViewController.swift; sourceTree = "<group>"; };
		17041D4D2BEA596D00AFA255 /* ListViewController.swift */ = {isa = PBXFileReference; lastKnownFileType = sourcecode.swift; path = ListViewController.swift; sourceTree = "<group>"; };
		17041D4F2BEA597500AFA255 /* ProfileViewController.swift */ = {isa = PBXFileReference; lastKnownFileType = sourcecode.swift; path = ProfileViewController.swift; sourceTree = "<group>"; };
		17041D512BEA5A0300AFA255 /* TabBarController.swift */ = {isa = PBXFileReference; lastKnownFileType = sourcecode.swift; path = TabBarController.swift; sourceTree = "<group>"; };
		17041D552BEA6A4C00AFA255 /* OnboardingViewPresenter.swift */ = {isa = PBXFileReference; lastKnownFileType = sourcecode.swift; path = OnboardingViewPresenter.swift; sourceTree = "<group>"; };
		17041D572BEA760300AFA255 /* OnboardingPartViewController.swift */ = {isa = PBXFileReference; lastKnownFileType = sourcecode.swift; path = OnboardingPartViewController.swift; sourceTree = "<group>"; };
		17041D592BEA7C0700AFA255 /* OnboardingModel.swift */ = {isa = PBXFileReference; lastKnownFileType = sourcecode.swift; path = OnboardingModel.swift; sourceTree = "<group>"; };
		17041D5C2BEAAA5400AFA255 /* UserStorage.swift */ = {isa = PBXFileReference; lastKnownFileType = sourcecode.swift; path = UserStorage.swift; sourceTree = "<group>"; };
		17041D5F2BEAADEB00AFA255 /* SceneFactory.swift */ = {isa = PBXFileReference; lastKnownFileType = sourcecode.swift; path = SceneFactory.swift; sourceTree = "<group>"; };
		17041D622BEB2D5900AFA255 /* LoginViewController.swift */ = {isa = PBXFileReference; lastKnownFileType = sourcecode.swift; path = LoginViewController.swift; sourceTree = "<group>"; };
		17041D672BEB2E0500AFA255 /* BottomView.swift */ = {isa = PBXFileReference; lastKnownFileType = sourcecode.swift; path = BottomView.swift; sourceTree = "<group>"; };
/* End PBXFileReference section */

/* Begin PBXFrameworksBuildPhase section */
		17041CDC2BE9192A00AFA255 /* Frameworks */ = {
			isa = PBXFrameworksBuildPhase;
			buildActionMask = 2147483647;
			files = (
			);
			runOnlyForDeploymentPostprocessing = 0;
		};
/* End PBXFrameworksBuildPhase section */

/* Begin PBXGroup section */
		17041CD62BE9192A00AFA255 = {
			isa = PBXGroup;
			children = (
				17041CE12BE9192B00AFA255 /* DeliveryFoodApp */,
				17041D322BEA375300AFA255 /* DeliveryFoodApp.app */,
			);
			sourceTree = "<group>";
		};
		17041CE12BE9192B00AFA255 /* DeliveryFoodApp */ = {
			isa = PBXGroup;
			children = (
				17041D5B2BEAAA3700AFA255 /* ServicesLayer */,
				17041D532BEA692600AFA255 /* UILayer */,
				17041D382BEA45F900AFA255 /* NavigationLayer */,
				17041D132BEA209400AFA255 /* Resources */,
				17041CE22BE9192B00AFA255 /* AppDelegate.swift */,
				17041CE42BE9192B00AFA255 /* SceneDelegate.swift */,
				17041CEB2BE9192C00AFA255 /* Assets.xcassets */,
				17041CED2BE9192C00AFA255 /* LaunchScreen.storyboard */,
				17041CF02BE9192C00AFA255 /* Info.plist */,
			);
			path = DeliveryFoodApp;
			sourceTree = "<group>";
		};
		17041D132BEA209400AFA255 /* Resources */ = {
			isa = PBXGroup;
			children = (
				17041D2E2BEA355800AFA255 /* Extensions */,
				17041D142BEA20A700AFA255 /* Fonts */,
				17041D362BEA417B00AFA255 /* AppColors.swift */,
			);
			path = Resources;
			sourceTree = "<group>";
		};
		17041D142BEA20A700AFA255 /* Fonts */ = {
			isa = PBXGroup;
			children = (
				17041D212BEA20CF00AFA255 /* Roboto */,
			);
			path = Fonts;
			sourceTree = "<group>";
		};
		17041D212BEA20CF00AFA255 /* Roboto */ = {
			isa = PBXGroup;
			children = (
				17041D152BEA20CF00AFA255 /* Roboto-Black.ttf */,
				17041D162BEA20CF00AFA255 /* Roboto-BlackItalic.ttf */,
				17041D172BEA20CF00AFA255 /* Roboto-Bold.ttf */,
				17041D182BEA20CF00AFA255 /* Roboto-BoldItalic.ttf */,
				17041D192BEA20CF00AFA255 /* Roboto-Italic.ttf */,
				17041D1A2BEA20CF00AFA255 /* Roboto-Light.ttf */,
				17041D1B2BEA20CF00AFA255 /* Roboto-LightItalic.ttf */,
				17041D1C2BEA20CF00AFA255 /* Roboto-Medium.ttf */,
				17041D1D2BEA20CF00AFA255 /* Roboto-MediumItalic.ttf */,
				17041D1E2BEA20CF00AFA255 /* Roboto-Regular.ttf */,
				17041D1F2BEA20CF00AFA255 /* Roboto-Thin.ttf */,
				17041D202BEA20CF00AFA255 /* Roboto-ThinItalic.ttf */,
			);
			path = Roboto;
			sourceTree = "<group>";
		};
		17041D2E2BEA355800AFA255 /* Extensions */ = {
			isa = PBXGroup;
			children = (
				17041D302BEA357D00AFA255 /* UIFont + Extension.swift */,
				17041D342BEA3F7600AFA255 /* UIColor + Extension.swift */,
			);
			path = Extensions;
			sourceTree = "<group>";
		};
		17041D382BEA45F900AFA255 /* NavigationLayer */ = {
			isa = PBXGroup;
			children = (
				17041D3A2BEA462300AFA255 /* Coordinators */,
				17041D392BEA461D00AFA255 /* Controllers */,
			);
			path = NavigationLayer;
			sourceTree = "<group>";
		};
		17041D392BEA461D00AFA255 /* Controllers */ = {
			isa = PBXGroup;
			children = (
				17041D492BEA595800AFA255 /* HomeViewController.swift */,
				17041D4B2BEA596500AFA255 /* OrderViewController.swift */,
				17041D4D2BEA596D00AFA255 /* ListViewController.swift */,
				17041D4F2BEA597500AFA255 /* ProfileViewController.swift */,
				17041D512BEA5A0300AFA255 /* TabBarController.swift */,
			);
			path = Controllers;
			sourceTree = "<group>";
		};
		17041D3A2BEA462300AFA255 /* Coordinators */ = {
			isa = PBXGroup;
			children = (
				17041D3B2BEA463F00AFA255 /* Coordinator.swift */,
				17041D3D2BEA4D7C00AFA255 /* AppCoordinator.swift */,
				17041D3F2BEA500300AFA255 /* OnboardingCoordinator.swift */,
				17041D412BEA588200AFA255 /* HomeCoordinator.swift */,
				17041D432BEA589F00AFA255 /* OrderCoordinator.swift */,
				17041D452BEA58A800AFA255 /* ListCoordinator.swift */,
				17041D472BEA58B100AFA255 /* ProfileCoordinator.swift */,
			);
			path = Coordinators;
			sourceTree = "<group>";
		};
		17041D532BEA692600AFA255 /* UILayer */ = {
			isa = PBXGroup;
			children = (
				17041D612BEB2D2200AFA255 /* AuthScene */,
				17041D5E2BEAADCE00AFA255 /* SceneFactory */,
				17041D542BEA6A0000AFA255 /* OnboardingScene */,
			);
			path = UILayer;
			sourceTree = "<group>";
		};
		17041D542BEA6A0000AFA255 /* OnboardingScene */ = {
			isa = PBXGroup;
			children = (
				17041CE62BE9192B00AFA255 /* OnboardingViewController.swift */,
				17041D552BEA6A4C00AFA255 /* OnboardingViewPresenter.swift */,
				17041D572BEA760300AFA255 /* OnboardingPartViewController.swift */,
				17041D592BEA7C0700AFA255 /* OnboardingModel.swift */,
			);
			path = OnboardingScene;
			sourceTree = "<group>";
		};
		17041D5B2BEAAA3700AFA255 /* ServicesLayer */ = {
			isa = PBXGroup;
			children = (
				17041D5C2BEAAA5400AFA255 /* UserStorage.swift */,
			);
			path = ServicesLayer;
			sourceTree = "<group>";
		};
		17041D5E2BEAADCE00AFA255 /* SceneFactory */ = {
			isa = PBXGroup;
			children = (
				17041D5F2BEAADEB00AFA255 /* SceneFactory.swift */,
			);
			path = SceneFactory;
			sourceTree = "<group>";
		};
		17041D612BEB2D2200AFA255 /* AuthScene */ = {
			isa = PBXGroup;
			children = (
				17041D662BEB2DF200AFA255 /* Presenters */,
				17041D652BEB2DED00AFA255 /* Controllers */,
				17041D642BEB2DE900AFA255 /* Views */,
				17041D622BEB2D5900AFA255 /* LoginViewController.swift */,
			);
			path = AuthScene;
			sourceTree = "<group>";
		};
		17041D642BEB2DE900AFA255 /* Views */ = {
			isa = PBXGroup;
			children = (
				17041D672BEB2E0500AFA255 /* BottomView.swift */,
			);
			path = Views;
			sourceTree = "<group>";
		};
		17041D652BEB2DED00AFA255 /* Controllers */ = {
			isa = PBXGroup;
			children = (
			);
			path = Controllers;
			sourceTree = "<group>";
		};
		17041D662BEB2DF200AFA255 /* Presenters */ = {
			isa = PBXGroup;
			children = (
			);
			path = Presenters;
			sourceTree = "<group>";
		};
/* End PBXGroup section */

/* Begin PBXNativeTarget section */
		17041CDE2BE9192A00AFA255 /* DeliveryFoodApp */ = {
			isa = PBXNativeTarget;
			buildConfigurationList = 17041CF32BE9192C00AFA255 /* Build configuration list for PBXNativeTarget "DeliveryFoodApp" */;
			buildPhases = (
				17041CDB2BE9192A00AFA255 /* Sources */,
				17041CDC2BE9192A00AFA255 /* Frameworks */,
				17041CDD2BE9192A00AFA255 /* Resources */,
			);
			buildRules = (
			);
			dependencies = (
			);
			name = DeliveryFoodApp;
			packageProductDependencies = (
			);
			productName = DeliveryFoodApp;
			productReference = 17041D322BEA375300AFA255 /* DeliveryFoodApp.app */;
			productType = "com.apple.product-type.application";
		};
/* End PBXNativeTarget section */

/* Begin PBXProject section */
		17041CD72BE9192A00AFA255 /* Project object */ = {
			isa = PBXProject;
			attributes = {
				BuildIndependentTargetsInParallel = 1;
				LastSwiftUpdateCheck = 1530;
				LastUpgradeCheck = 1530;
				TargetAttributes = {
					17041CDE2BE9192A00AFA255 = {
						CreatedOnToolsVersion = 15.3;
					};
				};
			};
			buildConfigurationList = 17041CDA2BE9192A00AFA255 /* Build configuration list for PBXProject "DeliveryFoodApp" */;
			compatibilityVersion = "Xcode 14.0";
			developmentRegion = en;
			hasScannedForEncodings = 0;
			knownRegions = (
				en,
				Base,
			);
			mainGroup = 17041CD62BE9192A00AFA255;
			packageReferences = (
			);
			productRefGroup = 17041CD62BE9192A00AFA255;
			projectDirPath = "";
			projectRoot = "";
			targets = (
				17041CDE2BE9192A00AFA255 /* DeliveryFoodApp */,
			);
		};
/* End PBXProject section */

/* Begin PBXResourcesBuildPhase section */
		17041CDD2BE9192A00AFA255 /* Resources */ = {
			isa = PBXResourcesBuildPhase;
			buildActionMask = 2147483647;
			files = (
				17041D292BEA20CF00AFA255 /* Roboto-Medium.ttf in Resources */,
				17041D252BEA20CF00AFA255 /* Roboto-BoldItalic.ttf in Resources */,
				17041CEC2BE9192C00AFA255 /* Assets.xcassets in Resources */,
				17041CEF2BE9192C00AFA255 /* Base in Resources */,
				17041D242BEA20CF00AFA255 /* Roboto-Bold.ttf in Resources */,
				17041D262BEA20CF00AFA255 /* Roboto-Italic.ttf in Resources */,
				17041D2B2BEA20CF00AFA255 /* Roboto-Regular.ttf in Resources */,
				17041D282BEA20CF00AFA255 /* Roboto-LightItalic.ttf in Resources */,
				17041D222BEA20CF00AFA255 /* Roboto-Black.ttf in Resources */,
				17041D272BEA20CF00AFA255 /* Roboto-Light.ttf in Resources */,
				17041D2D2BEA20CF00AFA255 /* Roboto-ThinItalic.ttf in Resources */,
				17041D2A2BEA20CF00AFA255 /* Roboto-MediumItalic.ttf in Resources */,
				17041D2C2BEA20CF00AFA255 /* Roboto-Thin.ttf in Resources */,
				17041D232BEA20CF00AFA255 /* Roboto-BlackItalic.ttf in Resources */,
			);
			runOnlyForDeploymentPostprocessing = 0;
		};
/* End PBXResourcesBuildPhase section */

/* Begin PBXSourcesBuildPhase section */
		17041CDB2BE9192A00AFA255 /* Sources */ = {
			isa = PBXSourcesBuildPhase;
			buildActionMask = 2147483647;
			files = (
				17041D482BEA58B100AFA255 /* ProfileCoordinator.swift in Sources */,
				17041D312BEA357D00AFA255 /* UIFont + Extension.swift in Sources */,
				17041D3E2BEA4D7C00AFA255 /* AppCoordinator.swift in Sources */,
				17041D522BEA5A0300AFA255 /* TabBarController.swift in Sources */,
				17041CE72BE9192B00AFA255 /* OnboardingViewController.swift in Sources */,
				17041CE32BE9192B00AFA255 /* AppDelegate.swift in Sources */,
				17041D4A2BEA595800AFA255 /* HomeViewController.swift in Sources */,
				17041D402BEA500300AFA255 /* OnboardingCoordinator.swift in Sources */,
				17041D502BEA597500AFA255 /* ProfileViewController.swift in Sources */,
				17041D372BEA417B00AFA255 /* AppColors.swift in Sources */,
				17041D582BEA760300AFA255 /* OnboardingPartViewController.swift in Sources */,
				17041D5A2BEA7C0700AFA255 /* OnboardingModel.swift in Sources */,
				17041D632BEB2D5900AFA255 /* LoginViewController.swift in Sources */,
				17041D442BEA589F00AFA255 /* OrderCoordinator.swift in Sources */,
				17041CE52BE9192B00AFA255 /* SceneDelegate.swift in Sources */,
				17041D5D2BEAAA5400AFA255 /* UserStorage.swift in Sources */,
				17041D562BEA6A4C00AFA255 /* OnboardingViewPresenter.swift in Sources */,
				17041D462BEA58A800AFA255 /* ListCoordinator.swift in Sources */,
				17041D4C2BEA596500AFA255 /* OrderViewController.swift in Sources */,
				17041D422BEA588200AFA255 /* HomeCoordinator.swift in Sources */,
				17041D602BEAADEB00AFA255 /* SceneFactory.swift in Sources */,
				17041D352BEA3F7600AFA255 /* UIColor + Extension.swift in Sources */,
				17041D4E2BEA596D00AFA255 /* ListViewController.swift in Sources */,
				17041D3C2BEA463F00AFA255 /* Coordinator.swift in Sources */,
				17041D682BEB2E0500AFA255 /* BottomView.swift in Sources */,
			);
			runOnlyForDeploymentPostprocessing = 0;
		};
/* End PBXSourcesBuildPhase section */

/* Begin PBXVariantGroup section */
		17041CED2BE9192C00AFA255 /* LaunchScreen.storyboard */ = {
			isa = PBXVariantGroup;
			children = (
				17041CEE2BE9192C00AFA255 /* Base */,
			);
			name = LaunchScreen.storyboard;
			sourceTree = "<group>";
		};
/* End PBXVariantGroup section */

/* Begin XCBuildConfiguration section */
		17041CF12BE9192C00AFA255 /* Debug */ = {
			isa = XCBuildConfiguration;
			buildSettings = {
				ALWAYS_SEARCH_USER_PATHS = NO;
				ASSETCATALOG_COMPILER_GENERATE_SWIFT_ASSET_SYMBOL_EXTENSIONS = YES;
				CLANG_ANALYZER_NONNULL = YES;
				CLANG_ANALYZER_NUMBER_OBJECT_CONVERSION = YES_AGGRESSIVE;
				CLANG_CXX_LANGUAGE_STANDARD = "gnu++20";
				CLANG_ENABLE_MODULES = YES;
				CLANG_ENABLE_OBJC_ARC = YES;
				CLANG_ENABLE_OBJC_WEAK = YES;
				CLANG_WARN_BLOCK_CAPTURE_AUTORELEASING = YES;
				CLANG_WARN_BOOL_CONVERSION = YES;
				CLANG_WARN_COMMA = YES;
				CLANG_WARN_CONSTANT_CONVERSION = YES;
				CLANG_WARN_DEPRECATED_OBJC_IMPLEMENTATIONS = YES;
				CLANG_WARN_DIRECT_OBJC_ISA_USAGE = YES_ERROR;
				CLANG_WARN_DOCUMENTATION_COMMENTS = YES;
				CLANG_WARN_EMPTY_BODY = YES;
				CLANG_WARN_ENUM_CONVERSION = YES;
				CLANG_WARN_INFINITE_RECURSION = YES;
				CLANG_WARN_INT_CONVERSION = YES;
				CLANG_WARN_NON_LITERAL_NULL_CONVERSION = YES;
				CLANG_WARN_OBJC_IMPLICIT_RETAIN_SELF = YES;
				CLANG_WARN_OBJC_LITERAL_CONVERSION = YES;
				CLANG_WARN_OBJC_ROOT_CLASS = YES_ERROR;
				CLANG_WARN_QUOTED_INCLUDE_IN_FRAMEWORK_HEADER = YES;
				CLANG_WARN_RANGE_LOOP_ANALYSIS = YES;
				CLANG_WARN_STRICT_PROTOTYPES = YES;
				CLANG_WARN_SUSPICIOUS_MOVE = YES;
				CLANG_WARN_UNGUARDED_AVAILABILITY = YES_AGGRESSIVE;
				CLANG_WARN_UNREACHABLE_CODE = YES;
				CLANG_WARN__DUPLICATE_METHOD_MATCH = YES;
				COPY_PHASE_STRIP = NO;
				DEBUG_INFORMATION_FORMAT = dwarf;
				ENABLE_STRICT_OBJC_MSGSEND = YES;
				ENABLE_TESTABILITY = YES;
				ENABLE_USER_SCRIPT_SANDBOXING = YES;
				GCC_C_LANGUAGE_STANDARD = gnu17;
				GCC_DYNAMIC_NO_PIC = NO;
				GCC_NO_COMMON_BLOCKS = YES;
				GCC_OPTIMIZATION_LEVEL = 0;
				GCC_PREPROCESSOR_DEFINITIONS = (
					"DEBUG=1",
					"$(inherited)",
				);
				GCC_WARN_64_TO_32_BIT_CONVERSION = YES;
				GCC_WARN_ABOUT_RETURN_TYPE = YES_ERROR;
				GCC_WARN_UNDECLARED_SELECTOR = YES;
				GCC_WARN_UNINITIALIZED_AUTOS = YES_AGGRESSIVE;
				GCC_WARN_UNUSED_FUNCTION = YES;
				GCC_WARN_UNUSED_VARIABLE = YES;
				IPHONEOS_DEPLOYMENT_TARGET = 17.4;
				LOCALIZATION_PREFERS_STRING_CATALOGS = YES;
				MTL_ENABLE_DEBUG_INFO = INCLUDE_SOURCE;
				MTL_FAST_MATH = YES;
				ONLY_ACTIVE_ARCH = YES;
				SDKROOT = iphoneos;
				SWIFT_ACTIVE_COMPILATION_CONDITIONS = "DEBUG $(inherited)";
				SWIFT_OPTIMIZATION_LEVEL = "-Onone";
			};
			name = Debug;
		};
		17041CF22BE9192C00AFA255 /* Release */ = {
			isa = XCBuildConfiguration;
			buildSettings = {
				ALWAYS_SEARCH_USER_PATHS = NO;
				ASSETCATALOG_COMPILER_GENERATE_SWIFT_ASSET_SYMBOL_EXTENSIONS = YES;
				CLANG_ANALYZER_NONNULL = YES;
				CLANG_ANALYZER_NUMBER_OBJECT_CONVERSION = YES_AGGRESSIVE;
				CLANG_CXX_LANGUAGE_STANDARD = "gnu++20";
				CLANG_ENABLE_MODULES = YES;
				CLANG_ENABLE_OBJC_ARC = YES;
				CLANG_ENABLE_OBJC_WEAK = YES;
				CLANG_WARN_BLOCK_CAPTURE_AUTORELEASING = YES;
				CLANG_WARN_BOOL_CONVERSION = YES;
				CLANG_WARN_COMMA = YES;
				CLANG_WARN_CONSTANT_CONVERSION = YES;
				CLANG_WARN_DEPRECATED_OBJC_IMPLEMENTATIONS = YES;
				CLANG_WARN_DIRECT_OBJC_ISA_USAGE = YES_ERROR;
				CLANG_WARN_DOCUMENTATION_COMMENTS = YES;
				CLANG_WARN_EMPTY_BODY = YES;
				CLANG_WARN_ENUM_CONVERSION = YES;
				CLANG_WARN_INFINITE_RECURSION = YES;
				CLANG_WARN_INT_CONVERSION = YES;
				CLANG_WARN_NON_LITERAL_NULL_CONVERSION = YES;
				CLANG_WARN_OBJC_IMPLICIT_RETAIN_SELF = YES;
				CLANG_WARN_OBJC_LITERAL_CONVERSION = YES;
				CLANG_WARN_OBJC_ROOT_CLASS = YES_ERROR;
				CLANG_WARN_QUOTED_INCLUDE_IN_FRAMEWORK_HEADER = YES;
				CLANG_WARN_RANGE_LOOP_ANALYSIS = YES;
				CLANG_WARN_STRICT_PROTOTYPES = YES;
				CLANG_WARN_SUSPICIOUS_MOVE = YES;
				CLANG_WARN_UNGUARDED_AVAILABILITY = YES_AGGRESSIVE;
				CLANG_WARN_UNREACHABLE_CODE = YES;
				CLANG_WARN__DUPLICATE_METHOD_MATCH = YES;
				COPY_PHASE_STRIP = NO;
				DEBUG_INFORMATION_FORMAT = "dwarf-with-dsym";
				ENABLE_NS_ASSERTIONS = NO;
				ENABLE_STRICT_OBJC_MSGSEND = YES;
				ENABLE_USER_SCRIPT_SANDBOXING = YES;
				GCC_C_LANGUAGE_STANDARD = gnu17;
				GCC_NO_COMMON_BLOCKS = YES;
				GCC_WARN_64_TO_32_BIT_CONVERSION = YES;
				GCC_WARN_ABOUT_RETURN_TYPE = YES_ERROR;
				GCC_WARN_UNDECLARED_SELECTOR = YES;
				GCC_WARN_UNINITIALIZED_AUTOS = YES_AGGRESSIVE;
				GCC_WARN_UNUSED_FUNCTION = YES;
				GCC_WARN_UNUSED_VARIABLE = YES;
				IPHONEOS_DEPLOYMENT_TARGET = 17.4;
				LOCALIZATION_PREFERS_STRING_CATALOGS = YES;
				MTL_ENABLE_DEBUG_INFO = NO;
				MTL_FAST_MATH = YES;
				SDKROOT = iphoneos;
				SWIFT_COMPILATION_MODE = wholemodule;
				VALIDATE_PRODUCT = YES;
			};
			name = Release;
		};
		17041CF42BE9192C00AFA255 /* Debug */ = {
			isa = XCBuildConfiguration;
			buildSettings = {
				ASSETCATALOG_COMPILER_APPICON_NAME = AppIcon;
				ASSETCATALOG_COMPILER_GLOBAL_ACCENT_COLOR_NAME = AccentColor;
				CODE_SIGN_STYLE = Automatic;
				CURRENT_PROJECT_VERSION = 1;
				DEVELOPMENT_TEAM = 6CZNS4ZZ97;
				ENABLE_USER_SCRIPT_SANDBOXING = NO;
				GENERATE_INFOPLIST_FILE = YES;
				INFOPLIST_FILE = DeliveryFoodApp/Info.plist;
				INFOPLIST_KEY_UIApplicationSupportsIndirectInputEvents = YES;
				INFOPLIST_KEY_UILaunchStoryboardName = LaunchScreen;
				INFOPLIST_KEY_UISupportedInterfaceOrientations = UIInterfaceOrientationPortrait;
				INFOPLIST_KEY_UISupportedInterfaceOrientations_iPad = "UIInterfaceOrientationLandscapeLeft UIInterfaceOrientationLandscapeRight UIInterfaceOrientationPortrait UIInterfaceOrientationPortraitUpsideDown";
				IPHONEOS_DEPLOYMENT_TARGET = 17.0;
				LD_RUNPATH_SEARCH_PATHS = (
					"$(inherited)",
					"@executable_path/Frameworks",
				);
				MARKETING_VERSION = 1.0;
				PRODUCT_BUNDLE_IDENTIFIER = com.salakhovilfat.DeliveryFoodApp;
				PRODUCT_NAME = "$(TARGET_NAME)";
				SUPPORTED_PLATFORMS = "iphoneos iphonesimulator";
				SUPPORTS_MACCATALYST = NO;
				SUPPORTS_MAC_DESIGNED_FOR_IPHONE_IPAD = NO;
				SUPPORTS_XR_DESIGNED_FOR_IPHONE_IPAD = NO;
				SWIFT_EMIT_LOC_STRINGS = YES;
				SWIFT_VERSION = 5.0;
				TARGETED_DEVICE_FAMILY = 1;
			};
			name = Debug;
		};
		17041CF52BE9192C00AFA255 /* Release */ = {
			isa = XCBuildConfiguration;
			buildSettings = {
				ASSETCATALOG_COMPILER_APPICON_NAME = AppIcon;
				ASSETCATALOG_COMPILER_GLOBAL_ACCENT_COLOR_NAME = AccentColor;
				CODE_SIGN_STYLE = Automatic;
				CURRENT_PROJECT_VERSION = 1;
				DEVELOPMENT_TEAM = 6CZNS4ZZ97;
				ENABLE_USER_SCRIPT_SANDBOXING = NO;
				GENERATE_INFOPLIST_FILE = YES;
				INFOPLIST_FILE = DeliveryFoodApp/Info.plist;
				INFOPLIST_KEY_UIApplicationSupportsIndirectInputEvents = YES;
				INFOPLIST_KEY_UILaunchStoryboardName = LaunchScreen;
				INFOPLIST_KEY_UISupportedInterfaceOrientations = UIInterfaceOrientationPortrait;
				INFOPLIST_KEY_UISupportedInterfaceOrientations_iPad = "UIInterfaceOrientationLandscapeLeft UIInterfaceOrientationLandscapeRight UIInterfaceOrientationPortrait UIInterfaceOrientationPortraitUpsideDown";
				IPHONEOS_DEPLOYMENT_TARGET = 17.0;
				LD_RUNPATH_SEARCH_PATHS = (
					"$(inherited)",
					"@executable_path/Frameworks",
				);
				MARKETING_VERSION = 1.0;
				PRODUCT_BUNDLE_IDENTIFIER = com.salakhovilfat.DeliveryFoodApp;
				PRODUCT_NAME = "$(TARGET_NAME)";
				SUPPORTED_PLATFORMS = "iphoneos iphonesimulator";
				SUPPORTS_MACCATALYST = NO;
				SUPPORTS_MAC_DESIGNED_FOR_IPHONE_IPAD = NO;
				SUPPORTS_XR_DESIGNED_FOR_IPHONE_IPAD = NO;
				SWIFT_EMIT_LOC_STRINGS = YES;
				SWIFT_VERSION = 5.0;
				TARGETED_DEVICE_FAMILY = 1;
			};
			name = Release;
		};
/* End XCBuildConfiguration section */

/* Begin XCConfigurationList section */
		17041CDA2BE9192A00AFA255 /* Build configuration list for PBXProject "DeliveryFoodApp" */ = {
			isa = XCConfigurationList;
			buildConfigurations = (
				17041CF12BE9192C00AFA255 /* Debug */,
				17041CF22BE9192C00AFA255 /* Release */,
			);
			defaultConfigurationIsVisible = 0;
			defaultConfigurationName = Release;
		};
		17041CF32BE9192C00AFA255 /* Build configuration list for PBXNativeTarget "DeliveryFoodApp" */ = {
			isa = XCConfigurationList;
			buildConfigurations = (
				17041CF42BE9192C00AFA255 /* Debug */,
				17041CF52BE9192C00AFA255 /* Release */,
			);
			defaultConfigurationIsVisible = 0;
			defaultConfigurationName = Release;
		};
/* End XCConfigurationList section */
	};
	rootObject = 17041CD72BE9192A00AFA255 /* Project object */;
}
